
Microsoft Visual Studio Solution File, Format Version 12.00
# Visual Studio 15
VisualStudioVersion = 15.0.27703.2026
MinimumVisualStudioVersion = 10.0.40219.1
Project("{FAE04EC0-301F-11D3-BF4B-00C04F79EFBC}") = "HypnosisRandomizer", "HypnosisRandomizer\HypnosisRandomizer.csproj", "{C59E3945-C69A-4987-9F36-01DD206035EA}"
EndProject
Global
	GlobalSection(SolutionConfigurationPlatforms) = preSolution
		Debug|Any CPU = Debug|Any CPU
		Release|Any CPU = Release|Any CPU
	EndGlobalSection
	GlobalSection(ProjectConfigurationPlatforms) = postSolution
		{C59E3945-C69A-4987-9F36-01DD206035EA}.Debug|Any CPU.ActiveCfg = Debug|Any CPU
		{C59E3945-C69A-4987-9F36-01DD206035EA}.Debug|Any CPU.Build.0 = Debug|Any CPU
		{C59E3945-C69A-4987-9F36-01DD206035EA}.Release|Any CPU.ActiveCfg = Release|Any CPU
		{C59E3945-C69A-4987-9F36-01DD206035EA}.Release|Any CPU.Build.0 = Release|Any CPU
	EndGlobalSection
	GlobalSection(SolutionProperties) = preSolution
		HideSolutionNode = FALSE
	EndGlobalSection
	GlobalSection(ExtensibilityGlobals) = postSolution
		SolutionGuid = {F491C5C9-43F0-4C32-924D-E1EEFA78476D}
	EndGlobalSection
EndGlobal
